// !$*UTF8*$!
{
	archiveVersion = 1;
	classes = {
	};
	objectVersion = 50;
	objects = {

/* Begin PBXBuildFile section */
		080E5947269BE37B00DEE9AD /* ListNode.swift in Sources */ = {isa = PBXBuildFile; fileRef = 080E5946269BE37B00DEE9AD /* ListNode.swift */; };
		080E5949269BE65000DEE9AD /* ListSolution.swift in Sources */ = {isa = PBXBuildFile; fileRef = 080E5948269BE65000DEE9AD /* ListSolution.swift */; };
		080E5951269C22DD00DEE9AD /* ListSolutionUnitTest.swift in Sources */ = {isa = PBXBuildFile; fileRef = 080E5950269C22DD00DEE9AD /* ListSolutionUnitTest.swift */; };
		08A9B201269BE21C000CA585 /* main.swift in Sources */ = {isa = PBXBuildFile; fileRef = 08A9B200269BE21C000CA585 /* main.swift */; };
		08AC466A269E808B0055E681 /* StackQueueHashSolution.swift in Sources */ = {isa = PBXBuildFile; fileRef = 08AC4669269E808B0055E681 /* StackQueueHashSolution.swift */; };
		08AC466C269E809C0055E681 /* Stack.swift in Sources */ = {isa = PBXBuildFile; fileRef = 08AC466B269E809C0055E681 /* Stack.swift */; };
		08AC466E269E81770055E681 /* Queue.swift in Sources */ = {isa = PBXBuildFile; fileRef = 08AC466D269E81770055E681 /* Queue.swift */; };
		08AC4670269E83460055E681 /* StackQueueHashUnitTest.swift in Sources */ = {isa = PBXBuildFile; fileRef = 08AC466F269E83460055E681 /* StackQueueHashUnitTest.swift */; };
		08AC4671269E83A90055E681 /* Queue.swift in Sources */ = {isa = PBXBuildFile; fileRef = 08AC466D269E81770055E681 /* Queue.swift */; };
		08AC4672269E83A90055E681 /* ListNode.swift in Sources */ = {isa = PBXBuildFile; fileRef = 080E5946269BE37B00DEE9AD /* ListNode.swift */; };
		08AC4673269E83A90055E681 /* ListSolution.swift in Sources */ = {isa = PBXBuildFile; fileRef = 080E5948269BE65000DEE9AD /* ListSolution.swift */; };
		08AC4674269E83A90055E681 /* Stack.swift in Sources */ = {isa = PBXBuildFile; fileRef = 08AC466B269E809C0055E681 /* Stack.swift */; };
		08AC4675269E83A90055E681 /* StackQueueHashSolution.swift in Sources */ = {isa = PBXBuildFile; fileRef = 08AC4669269E808B0055E681 /* StackQueueHashSolution.swift */; };
		08D6933926A11EAC005F2418 /* LRU.swift in Sources */ = {isa = PBXBuildFile; fileRef = 08D6933826A11EAC005F2418 /* LRU.swift */; };
		08D6933A26A11EAC005F2418 /* LRU.swift in Sources */ = {isa = PBXBuildFile; fileRef = 08D6933826A11EAC005F2418 /* LRU.swift */; };
		08F9FFF9269FDF8D00779F20 /* User.swift in Sources */ = {isa = PBXBuildFile; fileRef = 08F9FFF8269FDF8D00779F20 /* User.swift */; };
		08F9FFFA269FDF8D00779F20 /* User.swift in Sources */ = {isa = PBXBuildFile; fileRef = 08F9FFF8269FDF8D00779F20 /* User.swift */; };
/* End PBXBuildFile section */

/* Begin PBXCopyFilesBuildPhase section */
		08A9B1FB269BE21C000CA585 /* CopyFiles */ = {
			isa = PBXCopyFilesBuildPhase;
			buildActionMask = 2147483647;
			dstPath = /usr/share/man/man1/;
			dstSubfolderSpec = 0;
			files = (
			);
			runOnlyForDeploymentPostprocessing = 1;
		};
/* End PBXCopyFilesBuildPhase section */

/* Begin PBXFileReference section */
		080E5946269BE37B00DEE9AD /* ListNode.swift */ = {isa = PBXFileReference; lastKnownFileType = sourcecode.swift; path = ListNode.swift; sourceTree = "<group>"; };
		080E5948269BE65000DEE9AD /* ListSolution.swift */ = {isa = PBXFileReference; lastKnownFileType = sourcecode.swift; path = ListSolution.swift; sourceTree = "<group>"; };
		080E594E269C22DD00DEE9AD /* AlgorithmUnitTest.xctest */ = {isa = PBXFileReference; explicitFileType = wrapper.cfbundle; includeInIndex = 0; path = AlgorithmUnitTest.xctest; sourceTree = BUILT_PRODUCTS_DIR; };
		080E5950269C22DD00DEE9AD /* ListSolutionUnitTest.swift */ = {isa = PBXFileReference; lastKnownFileType = sourcecode.swift; path = ListSolutionUnitTest.swift; sourceTree = "<group>"; };
		080E5952269C22DD00DEE9AD /* Info.plist */ = {isa = PBXFileReference; lastKnownFileType = text.plist.xml; path = Info.plist; sourceTree = "<group>"; };
		08A9B1FD269BE21C000CA585 /* Algorithm */ = {isa = PBXFileReference; explicitFileType = "compiled.mach-o.executable"; includeInIndex = 0; path = Algorithm; sourceTree = BUILT_PRODUCTS_DIR; };
		08A9B200269BE21C000CA585 /* main.swift */ = {isa = PBXFileReference; lastKnownFileType = sourcecode.swift; path = main.swift; sourceTree = "<group>"; };
		08AC4669269E808B0055E681 /* StackQueueHashSolution.swift */ = {isa = PBXFileReference; lastKnownFileType = sourcecode.swift; path = StackQueueHashSolution.swift; sourceTree = "<group>"; };
		08AC466B269E809C0055E681 /* Stack.swift */ = {isa = PBXFileReference; lastKnownFileType = sourcecode.swift; path = Stack.swift; sourceTree = "<group>"; };
		08AC466D269E81770055E681 /* Queue.swift */ = {isa = PBXFileReference; lastKnownFileType = sourcecode.swift; path = Queue.swift; sourceTree = "<group>"; };
		08AC466F269E83460055E681 /* StackQueueHashUnitTest.swift */ = {isa = PBXFileReference; lastKnownFileType = sourcecode.swift; path = StackQueueHashUnitTest.swift; sourceTree = "<group>"; };
		08D6933826A11EAC005F2418 /* LRU.swift */ = {isa = PBXFileReference; lastKnownFileType = sourcecode.swift; path = LRU.swift; sourceTree = "<group>"; };
		08F9FFF8269FDF8D00779F20 /* User.swift */ = {isa = PBXFileReference; lastKnownFileType = sourcecode.swift; path = User.swift; sourceTree = "<group>"; };
/* End PBXFileReference section */

/* Begin PBXFrameworksBuildPhase section */
		080E594B269C22DD00DEE9AD /* Frameworks */ = {
			isa = PBXFrameworksBuildPhase;
			buildActionMask = 2147483647;
			files = (
			);
			runOnlyForDeploymentPostprocessing = 0;
		};
		08A9B1FA269BE21C000CA585 /* Frameworks */ = {
			isa = PBXFrameworksBuildPhase;
			buildActionMask = 2147483647;
			files = (
			);
			runOnlyForDeploymentPostprocessing = 0;
		};
/* End PBXFrameworksBuildPhase section */

/* Begin PBXGroup section */
		080E5945269BE35400DEE9AD /* List */ = {
			isa = PBXGroup;
			children = (
				080E5946269BE37B00DEE9AD /* ListNode.swift */,
				080E5948269BE65000DEE9AD /* ListSolution.swift */,
			);
			path = List;
			sourceTree = "<group>";
		};
		080E594F269C22DD00DEE9AD /* AlgorithmUnitTest */ = {
			isa = PBXGroup;
			children = (
				080E5950269C22DD00DEE9AD /* ListSolutionUnitTest.swift */,
				08AC466F269E83460055E681 /* StackQueueHashUnitTest.swift */,
				080E5952269C22DD00DEE9AD /* Info.plist */,
			);
			path = AlgorithmUnitTest;
			sourceTree = "<group>";
		};
		08A9B1F4269BE21C000CA585 = {
			isa = PBXGroup;
			children = (
				08A9B1FF269BE21C000CA585 /* Algorithm */,
				080E594F269C22DD00DEE9AD /* AlgorithmUnitTest */,
				08A9B1FE269BE21C000CA585 /* Products */,
			);
			sourceTree = "<group>";
		};
		08A9B1FE269BE21C000CA585 /* Products */ = {
			isa = PBXGroup;
			children = (
				08A9B1FD269BE21C000CA585 /* Algorithm */,
				080E594E269C22DD00DEE9AD /* AlgorithmUnitTest.xctest */,
			);
			name = Products;
			sourceTree = "<group>";
		};
		08A9B1FF269BE21C000CA585 /* Algorithm */ = {
			isa = PBXGroup;
			children = (
				08F9FFFB26A00A1600779F20 /* StackQueueHash */,
				080E5945269BE35400DEE9AD /* List */,
				08A9B200269BE21C000CA585 /* main.swift */,
			);
			path = Algorithm;
			sourceTree = "<group>";
		};
		08F9FFF7269FDF3600779F20 /* QueuingSystem */ = {
			isa = PBXGroup;
			children = (
				08F9FFF8269FDF8D00779F20 /* User.swift */,
			);
			path = QueuingSystem;
			sourceTree = "<group>";
		};
		08F9FFFB26A00A1600779F20 /* StackQueueHash */ = {
			isa = PBXGroup;
			children = (
				08AC466B269E809C0055E681 /* Stack.swift */,
				08AC466D269E81770055E681 /* Queue.swift */,
				08AC4669269E808B0055E681 /* StackQueueHashSolution.swift */,
				08F9FFFC26A00CCA00779F20 /* LRU */,
				08F9FFF7269FDF3600779F20 /* QueuingSystem */,
			);
			path = StackQueueHash;
			sourceTree = "<group>";
		};
		08F9FFFC26A00CCA00779F20 /* LRU */ = {
			isa = PBXGroup;
			children = (
				08D6933826A11EAC005F2418 /* LRU.swift */,
			);
			path = LRU;
			sourceTree = "<group>";
		};
/* End PBXGroup section */

/* Begin PBXNativeTarget section */
		080E594D269C22DD00DEE9AD /* AlgorithmUnitTest */ = {
			isa = PBXNativeTarget;
			buildConfigurationList = 080E5953269C22DD00DEE9AD /* Build configuration list for PBXNativeTarget "AlgorithmUnitTest" */;
			buildPhases = (
				080E594A269C22DD00DEE9AD /* Sources */,
				080E594B269C22DD00DEE9AD /* Frameworks */,
				080E594C269C22DD00DEE9AD /* Resources */,
			);
			buildRules = (
			);
			dependencies = (
			);
			name = AlgorithmUnitTest;
			productName = AlgorithmUnitTest;
			productReference = 080E594E269C22DD00DEE9AD /* AlgorithmUnitTest.xctest */;
			productType = "com.apple.product-type.bundle.unit-test";
		};
		08A9B1FC269BE21C000CA585 /* Algorithm */ = {
			isa = PBXNativeTarget;
			buildConfigurationList = 08A9B204269BE21C000CA585 /* Build configuration list for PBXNativeTarget "Algorithm" */;
			buildPhases = (
				08A9B1F9269BE21C000CA585 /* Sources */,
				08A9B1FA269BE21C000CA585 /* Frameworks */,
				08A9B1FB269BE21C000CA585 /* CopyFiles */,
			);
			buildRules = (
			);
			dependencies = (
			);
			name = Algorithm;
			productName = Algorithm;
			productReference = 08A9B1FD269BE21C000CA585 /* Algorithm */;
			productType = "com.apple.product-type.tool";
		};
/* End PBXNativeTarget section */

/* Begin PBXProject section */
		08A9B1F5269BE21C000CA585 /* Project object */ = {
			isa = PBXProject;
			attributes = {
				LastSwiftUpdateCheck = 1250;
				LastUpgradeCheck = 1250;
				TargetAttributes = {
					080E594D269C22DD00DEE9AD = {
						CreatedOnToolsVersion = 12.5.1;
					};
					08A9B1FC269BE21C000CA585 = {
						CreatedOnToolsVersion = 12.5.1;
					};
				};
			};
			buildConfigurationList = 08A9B1F8269BE21C000CA585 /* Build configuration list for PBXProject "Algorithm" */;
			compatibilityVersion = "Xcode 9.3";
			developmentRegion = en;
			hasScannedForEncodings = 0;
			knownRegions = (
				en,
				Base,
			);
			mainGroup = 08A9B1F4269BE21C000CA585;
			productRefGroup = 08A9B1FE269BE21C000CA585 /* Products */;
			projectDirPath = "";
			projectRoot = "";
			targets = (
				08A9B1FC269BE21C000CA585 /* Algorithm */,
				080E594D269C22DD00DEE9AD /* AlgorithmUnitTest */,
			);
		};
/* End PBXProject section */

/* Begin PBXResourcesBuildPhase section */
		080E594C269C22DD00DEE9AD /* Resources */ = {
			isa = PBXResourcesBuildPhase;
			buildActionMask = 2147483647;
			files = (
			);
			runOnlyForDeploymentPostprocessing = 0;
		};
/* End PBXResourcesBuildPhase section */

/* Begin PBXSourcesBuildPhase section */
		080E594A269C22DD00DEE9AD /* Sources */ = {
			isa = PBXSourcesBuildPhase;
			buildActionMask = 2147483647;
			files = (
				08D6933A26A11EAC005F2418 /* LRU.swift in Sources */,
				080E5951269C22DD00DEE9AD /* ListSolutionUnitTest.swift in Sources */,
				08AC4671269E83A90055E681 /* Queue.swift in Sources */,
				08AC4670269E83460055E681 /* StackQueueHashUnitTest.swift in Sources */,
				08AC4673269E83A90055E681 /* ListSolution.swift in Sources */,
				08F9FFFA269FDF8D00779F20 /* User.swift in Sources */,
				08AC4675269E83A90055E681 /* StackQueueHashSolution.swift in Sources */,
				08AC4674269E83A90055E681 /* Stack.swift in Sources */,
				08AC4672269E83A90055E681 /* ListNode.swift in Sources */,
			);
			runOnlyForDeploymentPostprocessing = 0;
		};
		08A9B1F9269BE21C000CA585 /* Sources */ = {
			isa = PBXSourcesBuildPhase;
			buildActionMask = 2147483647;
			files = (
				080E5949269BE65000DEE9AD /* ListSolution.swift in Sources */,
				08AC466E269E81770055E681 /* Queue.swift in Sources */,
				08AC466C269E809C0055E681 /* Stack.swift in Sources */,
				08A9B201269BE21C000CA585 /* main.swift in Sources */,
				080E5947269BE37B00DEE9AD /* ListNode.swift in Sources */,
				08AC466A269E808B0055E681 /* StackQueueHashSolution.swift in Sources */,
				08F9FFF9269FDF8D00779F20 /* User.swift in Sources */,
				08D6933926A11EAC005F2418 /* LRU.swift in Sources */,
			);
			runOnlyForDeploymentPostprocessing = 0;
		};
/* End PBXSourcesBuildPhase section */

/* Begin XCBuildConfiguration section */
		080E5954269C22DD00DEE9AD /* Debug */ = {
			isa = XCBuildConfiguration;
			buildSettings = {
				CODE_SIGN_STYLE = Automatic;
				COMBINE_HIDPI_IMAGES = YES;
				INFOPLIST_FILE = AlgorithmUnitTest/Info.plist;
				LD_RUNPATH_SEARCH_PATHS = (
					"$(inherited)",
					"@executable_path/../Frameworks",
					"@loader_path/../Frameworks",
				);
				PRODUCT_BUNDLE_IDENTIFIER = ly.com.AlgorithmUnitTest;
				PRODUCT_NAME = "$(TARGET_NAME)";
				SWIFT_VERSION = 5.0;
			};
			name = Debug;
		};
		080E5955269C22DD00DEE9AD /* Release */ = {
			isa = XCBuildConfiguration;
			buildSettings = {
				CODE_SIGN_STYLE = Automatic;
				COMBINE_HIDPI_IMAGES = YES;
				INFOPLIST_FILE = AlgorithmUnitTest/Info.plist;
				LD_RUNPATH_SEARCH_PATHS = (
					"$(inherited)",
					"@executable_path/../Frameworks",
					"@loader_path/../Frameworks",
				);
				PRODUCT_BUNDLE_IDENTIFIER = ly.com.AlgorithmUnitTest;
				PRODUCT_NAME = "$(TARGET_NAME)";
				SWIFT_VERSION = 5.0;
			};
			name = Release;
		};
		08A9B202269BE21C000CA585 /* Debug */ = {
			isa = XCBuildConfiguration;
			buildSettings = {
				ALWAYS_SEARCH_USER_PATHS = NO;
				CLANG_ANALYZER_NONNULL = YES;
				CLANG_ANALYZER_NUMBER_OBJECT_CONVERSION = YES_AGGRESSIVE;
				CLANG_CXX_LANGUAGE_STANDARD = "gnu++14";
				CLANG_CXX_LIBRARY = "libc++";
				CLANG_ENABLE_MODULES = YES;
				CLANG_ENABLE_OBJC_ARC = YES;
				CLANG_ENABLE_OBJC_WEAK = YES;
				CLANG_WARN_BLOCK_CAPTURE_AUTORELEASING = YES;
				CLANG_WARN_BOOL_CONVERSION = YES;
				CLANG_WARN_COMMA = YES;
				CLANG_WARN_CONSTANT_CONVERSION = YES;
				CLANG_WARN_DEPRECATED_OBJC_IMPLEMENTATIONS = YES;
				CLANG_WARN_DIRECT_OBJC_ISA_USAGE = YES_ERROR;
				CLANG_WARN_DOCUMENTATION_COMMENTS = YES;
				CLANG_WARN_EMPTY_BODY = YES;
				CLANG_WARN_ENUM_CONVERSION = YES;
				CLANG_WARN_INFINITE_RECURSION = YES;
				CLANG_WARN_INT_CONVERSION = YES;
				CLANG_WARN_NON_LITERAL_NULL_CONVERSION = YES;
				CLANG_WARN_OBJC_IMPLICIT_RETAIN_SELF = YES;
				CLANG_WARN_OBJC_LITERAL_CONVERSION = YES;
				CLANG_WARN_OBJC_ROOT_CLASS = YES_ERROR;
				CLANG_WARN_QUOTED_INCLUDE_IN_FRAMEWORK_HEADER = YES;
				CLANG_WARN_RANGE_LOOP_ANALYSIS = YES;
				CLANG_WARN_STRICT_PROTOTYPES = YES;
				CLANG_WARN_SUSPICIOUS_MOVE = YES;
				CLANG_WARN_UNGUARDED_AVAILABILITY = YES_AGGRESSIVE;
				CLANG_WARN_UNREACHABLE_CODE = YES;
				CLANG_WARN__DUPLICATE_METHOD_MATCH = YES;
				COPY_PHASE_STRIP = NO;
				DEBUG_INFORMATION_FORMAT = dwarf;
				ENABLE_STRICT_OBJC_MSGSEND = YES;
				ENABLE_TESTABILITY = YES;
				GCC_C_LANGUAGE_STANDARD = gnu11;
				GCC_DYNAMIC_NO_PIC = NO;
				GCC_NO_COMMON_BLOCKS = YES;
				GCC_OPTIMIZATION_LEVEL = 0;
				GCC_PREPROCESSOR_DEFINITIONS = (
					"DEBUG=1",
					"$(inherited)",
				);
				GCC_WARN_64_TO_32_BIT_CONVERSION = YES;
				GCC_WARN_ABOUT_RETURN_TYPE = YES_ERROR;
				GCC_WARN_UNDECLARED_SELECTOR = YES;
				GCC_WARN_UNINITIALIZED_AUTOS = YES_AGGRESSIVE;
				GCC_WARN_UNUSED_FUNCTION = YES;
				GCC_WARN_UNUSED_VARIABLE = YES;
				MACOSX_DEPLOYMENT_TARGET = 11.3;
				MTL_ENABLE_DEBUG_INFO = INCLUDE_SOURCE;
				MTL_FAST_MATH = YES;
				ONLY_ACTIVE_ARCH = YES;
				SDKROOT = macosx;
				SWIFT_ACTIVE_COMPILATION_CONDITIONS = DEBUG;
				SWIFT_OPTIMIZATION_LEVEL = "-Onone";
			};
			name = Debug;
		};
		08A9B203269BE21C000CA585 /* Release */ = {
			isa = XCBuildConfiguration;
			buildSettings = {
				ALWAYS_SEARCH_USER_PATHS = NO;
				CLANG_ANALYZER_NONNULL = YES;
				CLANG_ANALYZER_NUMBER_OBJECT_CONVERSION = YES_AGGRESSIVE;
				CLANG_CXX_LANGUAGE_STANDARD = "gnu++14";
				CLANG_CXX_LIBRARY = "libc++";
				CLANG_ENABLE_MODULES = YES;
				CLANG_ENABLE_OBJC_ARC = YES;
				CLANG_ENABLE_OBJC_WEAK = YES;
				CLANG_WARN_BLOCK_CAPTURE_AUTORELEASING = YES;
				CLANG_WARN_BOOL_CONVERSION = YES;
				CLANG_WARN_COMMA = YES;
				CLANG_WARN_CONSTANT_CONVERSION = YES;
				CLANG_WARN_DEPRECATED_OBJC_IMPLEMENTATIONS = YES;
				CLANG_WARN_DIRECT_OBJC_ISA_USAGE = YES_ERROR;
				CLANG_WARN_DOCUMENTATION_COMMENTS = YES;
				CLANG_WARN_EMPTY_BODY = YES;
				CLANG_WARN_ENUM_CONVERSION = YES;
				CLANG_WARN_INFINITE_RECURSION = YES;
				CLANG_WARN_INT_CONVERSION = YES;
				CLANG_WARN_NON_LITERAL_NULL_CONVERSION = YES;
				CLANG_WARN_OBJC_IMPLICIT_RETAIN_SELF = YES;
				CLANG_WARN_OBJC_LITERAL_CONVERSION = YES;
				CLANG_WARN_OBJC_ROOT_CLASS = YES_ERROR;
				CLANG_WARN_QUOTED_INCLUDE_IN_FRAMEWORK_HEADER = YES;
				CLANG_WARN_RANGE_LOOP_ANALYSIS = YES;
				CLANG_WARN_STRICT_PROTOTYPES = YES;
				CLANG_WARN_SUSPICIOUS_MOVE = YES;
				CLANG_WARN_UNGUARDED_AVAILABILITY = YES_AGGRESSIVE;
				CLANG_WARN_UNREACHABLE_CODE = YES;
				CLANG_WARN__DUPLICATE_METHOD_MATCH = YES;
				COPY_PHASE_STRIP = NO;
				DEBUG_INFORMATION_FORMAT = "dwarf-with-dsym";
				ENABLE_NS_ASSERTIONS = NO;
				ENABLE_STRICT_OBJC_MSGSEND = YES;
				GCC_C_LANGUAGE_STANDARD = gnu11;
				GCC_NO_COMMON_BLOCKS = YES;
				GCC_WARN_64_TO_32_BIT_CONVERSION = YES;
				GCC_WARN_ABOUT_RETURN_TYPE = YES_ERROR;
				GCC_WARN_UNDECLARED_SELECTOR = YES;
				GCC_WARN_UNINITIALIZED_AUTOS = YES_AGGRESSIVE;
				GCC_WARN_UNUSED_FUNCTION = YES;
				GCC_WARN_UNUSED_VARIABLE = YES;
				MACOSX_DEPLOYMENT_TARGET = 11.3;
				MTL_ENABLE_DEBUG_INFO = NO;
				MTL_FAST_MATH = YES;
				SDKROOT = macosx;
				SWIFT_COMPILATION_MODE = wholemodule;
				SWIFT_OPTIMIZATION_LEVEL = "-O";
			};
			name = Release;
		};
		08A9B205269BE21C000CA585 /* Debug */ = {
			isa = XCBuildConfiguration;
			buildSettings = {
				CODE_SIGN_STYLE = Automatic;
				PRODUCT_NAME = "$(TARGET_NAME)";
				SWIFT_VERSION = 5.0;
			};
			name = Debug;
		};
		08A9B206269BE21C000CA585 /* Release */ = {
			isa = XCBuildConfiguration;
			buildSettings = {
				CODE_SIGN_STYLE = Automatic;
				PRODUCT_NAME = "$(TARGET_NAME)";
				SWIFT_VERSION = 5.0;
			};
			name = Release;
		};
/* End XCBuildConfiguration section */

/* Begin XCConfigurationList section */
		080E5953269C22DD00DEE9AD /* Build configuration list for PBXNativeTarget "AlgorithmUnitTest" */ = {
			isa = XCConfigurationList;
			buildConfigurations = (
				080E5954269C22DD00DEE9AD /* Debug */,
				080E5955269C22DD00DEE9AD /* Release */,
			);
			defaultConfigurationIsVisible = 0;
			defaultConfigurationName = Release;
		};
		08A9B1F8269BE21C000CA585 /* Build configuration list for PBXProject "Algorithm" */ = {
			isa = XCConfigurationList;
			buildConfigurations = (
				08A9B202269BE21C000CA585 /* Debug */,
				08A9B203269BE21C000CA585 /* Release */,
			);
			defaultConfigurationIsVisible = 0;
			defaultConfigurationName = Release;
		};
		08A9B204269BE21C000CA585 /* Build configuration list for PBXNativeTarget "Algorithm" */ = {
			isa = XCConfigurationList;
			buildConfigurations = (
				08A9B205269BE21C000CA585 /* Debug */,
				08A9B206269BE21C000CA585 /* Release */,
			);
			defaultConfigurationIsVisible = 0;
			defaultConfigurationName = Release;
		};
/* End XCConfigurationList section */
	};
	rootObject = 08A9B1F5269BE21C000CA585 /* Project object */;
}
